
Microsoft Visual Studio Solution File, Format Version 12.00
# Visual Studio Version 17
VisualStudioVersion = 17.6.33815.320
MinimumVisualStudioVersion = 10.0.40219.1
Project("{FAE04EC0-301F-11D3-BF4B-00C04F79EFBC}") = "Phase3Section2.21", "Phase3Section2.21\Phase3Section2.21.csproj", "{552EDCAA-D518-4936-9C15-CEC54D56F26E}"
EndProject
Global
	GlobalSection(SolutionConfigurationPlatforms) = preSolution
		Debug|Any CPU = Debug|Any CPU
		Release|Any CPU = Release|Any CPU
	EndGlobalSection
	GlobalSection(ProjectConfigurationPlatforms) = postSolution
		{552EDCAA-D518-4936-9C15-CEC54D56F26E}.Debug|Any CPU.ActiveCfg = Debug|Any CPU
		{552EDCAA-D518-4936-9C15-CEC54D56F26E}.Debug|Any CPU.Build.0 = Debug|Any CPU
		{552EDCAA-D518-4936-9C15-CEC54D56F26E}.Release|Any CPU.ActiveCfg = Release|Any CPU
		{552EDCAA-D518-4936-9C15-CEC54D56F26E}.Release|Any CPU.Build.0 = Release|Any CPU
	EndGlobalSection
	GlobalSection(SolutionProperties) = preSolution
		HideSolutionNode = FALSE
	EndGlobalSection
	GlobalSection(ExtensibilityGlobals) = postSolution
		SolutionGuid = {D3019284-EB78-4B50-8E5B-B1DB8881ADCD}
	EndGlobalSection
EndGlobal
